
Microsoft Visual Studio Solution File, Format Version 12.00
# Visual Studio 14
VisualStudioVersion = 14.0.25420.1
MinimumVisualStudioVersion = 10.0.40219.1
Project("{FAE04EC0-301F-11D3-BF4B-00C04F79EFBC}") = "InstanceManagementHost", "InstanceManagementHost\InstanceManagementHost.csproj", "{33C4C7BC-FE2D-4305-A3B0-65E3AAB7DDDC}"
EndProject
Project("{FAE04EC0-301F-11D3-BF4B-00C04F79EFBC}") = "InstanceManagementLibrary", "InstanceManagementLibrary\InstanceManagementLibrary.csproj", "{AF0DD639-499C-4DC7-A6C3-15BA19903A61}"
EndProject
Project("{FAE04EC0-301F-11D3-BF4B-00C04F79EFBC}") = "Client_Instance_mgmt", "Client_Instance_mgmt\Client_Instance_mgmt.csproj", "{DD512DA6-9FD3-48BB-B977-A4A5519FBCE8}"
EndProject
Global
	GlobalSection(SolutionConfigurationPlatforms) = preSolution
		Debug|Any CPU = Debug|Any CPU
		Release|Any CPU = Release|Any CPU
	EndGlobalSection
	GlobalSection(ProjectConfigurationPlatforms) = postSolution
		{33C4C7BC-FE2D-4305-A3B0-65E3AAB7DDDC}.Debug|Any CPU.ActiveCfg = Debug|Any CPU
		{33C4C7BC-FE2D-4305-A3B0-65E3AAB7DDDC}.Debug|Any CPU.Build.0 = Debug|Any CPU
		{33C4C7BC-FE2D-4305-A3B0-65E3AAB7DDDC}.Release|Any CPU.ActiveCfg = Release|Any CPU
		{33C4C7BC-FE2D-4305-A3B0-65E3AAB7DDDC}.Release|Any CPU.Build.0 = Release|Any CPU
		{AF0DD639-499C-4DC7-A6C3-15BA19903A61}.Debug|Any CPU.ActiveCfg = Debug|Any CPU
		{AF0DD639-499C-4DC7-A6C3-15BA19903A61}.Debug|Any CPU.Build.0 = Debug|Any CPU
		{AF0DD639-499C-4DC7-A6C3-15BA19903A61}.Release|Any CPU.ActiveCfg = Release|Any CPU
		{AF0DD639-499C-4DC7-A6C3-15BA19903A61}.Release|Any CPU.Build.0 = Release|Any CPU
		{DD512DA6-9FD3-48BB-B977-A4A5519FBCE8}.Debug|Any CPU.ActiveCfg = Debug|Any CPU
		{DD512DA6-9FD3-48BB-B977-A4A5519FBCE8}.Debug|Any CPU.Build.0 = Debug|Any CPU
		{DD512DA6-9FD3-48BB-B977-A4A5519FBCE8}.Release|Any CPU.ActiveCfg = Release|Any CPU
		{DD512DA6-9FD3-48BB-B977-A4A5519FBCE8}.Release|Any CPU.Build.0 = Release|Any CPU
	EndGlobalSection
	GlobalSection(SolutionProperties) = preSolution
		HideSolutionNode = FALSE
	EndGlobalSection
EndGlobal
