
Microsoft Visual Studio Solution File, Format Version 12.00
# Visual Studio 14
VisualStudioVersion = 14.0.25420.1
MinimumVisualStudioVersion = 10.0.40219.1
Project("{FAE04EC0-301F-11D3-BF4B-00C04F79EFBC}") = "WCF_Project_Host_Powers", "WCF_Project_Host_Powers\WCF_Project_Host_Powers.csproj", "{F965D92D-DBBE-41BE-A1AA-82BFEDC45048}"
EndProject
Project("{FAE04EC0-301F-11D3-BF4B-00C04F79EFBC}") = "WCF_Project_Library_Powers", "..\WCF_Project_Library_Powers\WCF_Project_Library_Powers\WCF_Project_Library_Powers.csproj", "{AA02E8ED-5D23-4C41-928A-27B47E882361}"
EndProject
Global
	GlobalSection(SolutionConfigurationPlatforms) = preSolution
		Debug|Any CPU = Debug|Any CPU
		Release|Any CPU = Release|Any CPU
	EndGlobalSection
	GlobalSection(ProjectConfigurationPlatforms) = postSolution
		{F965D92D-DBBE-41BE-A1AA-82BFEDC45048}.Debug|Any CPU.ActiveCfg = Debug|Any CPU
		{F965D92D-DBBE-41BE-A1AA-82BFEDC45048}.Debug|Any CPU.Build.0 = Debug|Any CPU
		{F965D92D-DBBE-41BE-A1AA-82BFEDC45048}.Release|Any CPU.ActiveCfg = Release|Any CPU
		{F965D92D-DBBE-41BE-A1AA-82BFEDC45048}.Release|Any CPU.Build.0 = Release|Any CPU
		{AA02E8ED-5D23-4C41-928A-27B47E882361}.Debug|Any CPU.ActiveCfg = Debug|Any CPU
		{AA02E8ED-5D23-4C41-928A-27B47E882361}.Debug|Any CPU.Build.0 = Debug|Any CPU
		{AA02E8ED-5D23-4C41-928A-27B47E882361}.Release|Any CPU.ActiveCfg = Release|Any CPU
		{AA02E8ED-5D23-4C41-928A-27B47E882361}.Release|Any CPU.Build.0 = Release|Any CPU
	EndGlobalSection
	GlobalSection(SolutionProperties) = preSolution
		HideSolutionNode = FALSE
	EndGlobalSection
EndGlobal
