
Microsoft Visual Studio Solution File, Format Version 12.00
# Visual Studio 14
VisualStudioVersion = 14.0.25420.1
MinimumVisualStudioVersion = 10.0.40219.1
Project("{FAE04EC0-301F-11D3-BF4B-00C04F79EFBC}") = "WCF_DataContractConsole", "WCF_DataContractConsole\WCF_DataContractConsole.csproj", "{4C169CE5-07C9-4D90-A2D4-B6214FD16DE9}"
EndProject
Project("{FAE04EC0-301F-11D3-BF4B-00C04F79EFBC}") = "AccountsServiceLibrary", "AccountsServiceLibrary\AccountsServiceLibrary.csproj", "{D91D2997-4EA2-4F8A-95A5-F923755485D4}"
EndProject
Global
	GlobalSection(SolutionConfigurationPlatforms) = preSolution
		Debug|Any CPU = Debug|Any CPU
		Release|Any CPU = Release|Any CPU
	EndGlobalSection
	GlobalSection(ProjectConfigurationPlatforms) = postSolution
		{4C169CE5-07C9-4D90-A2D4-B6214FD16DE9}.Debug|Any CPU.ActiveCfg = Debug|Any CPU
		{4C169CE5-07C9-4D90-A2D4-B6214FD16DE9}.Debug|Any CPU.Build.0 = Debug|Any CPU
		{4C169CE5-07C9-4D90-A2D4-B6214FD16DE9}.Release|Any CPU.ActiveCfg = Release|Any CPU
		{4C169CE5-07C9-4D90-A2D4-B6214FD16DE9}.Release|Any CPU.Build.0 = Release|Any CPU
		{D91D2997-4EA2-4F8A-95A5-F923755485D4}.Debug|Any CPU.ActiveCfg = Debug|Any CPU
		{D91D2997-4EA2-4F8A-95A5-F923755485D4}.Debug|Any CPU.Build.0 = Debug|Any CPU
		{D91D2997-4EA2-4F8A-95A5-F923755485D4}.Release|Any CPU.ActiveCfg = Release|Any CPU
		{D91D2997-4EA2-4F8A-95A5-F923755485D4}.Release|Any CPU.Build.0 = Release|Any CPU
	EndGlobalSection
	GlobalSection(SolutionProperties) = preSolution
		HideSolutionNode = FALSE
	EndGlobalSection
EndGlobal
