
Microsoft Visual Studio Solution File, Format Version 12.00
# Visual Studio 14
VisualStudioVersion = 14.0.25420.1
MinimumVisualStudioVersion = 10.0.40219.1
Project("{FAE04EC0-301F-11D3-BF4B-00C04F79EFBC}") = "Domain_Name_Service", "Domain_Name_Service\Domain_Name_Service.csproj", "{6D2B3E47-E847-4C1C-BC02-1058235D071A}"
EndProject
Project("{FAE04EC0-301F-11D3-BF4B-00C04F79EFBC}") = "SimpleServer", "SimpleServer\SimpleServer.csproj", "{873E1F1C-20CB-4FEE-ABA4-2637A0DCA12C}"
EndProject
Project("{FAE04EC0-301F-11D3-BF4B-00C04F79EFBC}") = "SimpleConsoleServer", "SimpleConsoleServer\SimpleConsoleServer.csproj", "{84488285-E373-4BB8-BF07-68C59B79604A}"
EndProject
Global
	GlobalSection(SolutionConfigurationPlatforms) = preSolution
		Debug|Any CPU = Debug|Any CPU
		Release|Any CPU = Release|Any CPU
	EndGlobalSection
	GlobalSection(ProjectConfigurationPlatforms) = postSolution
		{6D2B3E47-E847-4C1C-BC02-1058235D071A}.Debug|Any CPU.ActiveCfg = Debug|Any CPU
		{6D2B3E47-E847-4C1C-BC02-1058235D071A}.Debug|Any CPU.Build.0 = Debug|Any CPU
		{6D2B3E47-E847-4C1C-BC02-1058235D071A}.Release|Any CPU.ActiveCfg = Release|Any CPU
		{6D2B3E47-E847-4C1C-BC02-1058235D071A}.Release|Any CPU.Build.0 = Release|Any CPU
		{873E1F1C-20CB-4FEE-ABA4-2637A0DCA12C}.Debug|Any CPU.ActiveCfg = Debug|Any CPU
		{873E1F1C-20CB-4FEE-ABA4-2637A0DCA12C}.Debug|Any CPU.Build.0 = Debug|Any CPU
		{873E1F1C-20CB-4FEE-ABA4-2637A0DCA12C}.Release|Any CPU.ActiveCfg = Release|Any CPU
		{873E1F1C-20CB-4FEE-ABA4-2637A0DCA12C}.Release|Any CPU.Build.0 = Release|Any CPU
		{84488285-E373-4BB8-BF07-68C59B79604A}.Debug|Any CPU.ActiveCfg = Debug|Any CPU
		{84488285-E373-4BB8-BF07-68C59B79604A}.Debug|Any CPU.Build.0 = Debug|Any CPU
		{84488285-E373-4BB8-BF07-68C59B79604A}.Release|Any CPU.ActiveCfg = Release|Any CPU
		{84488285-E373-4BB8-BF07-68C59B79604A}.Release|Any CPU.Build.0 = Release|Any CPU
	EndGlobalSection
	GlobalSection(SolutionProperties) = preSolution
		HideSolutionNode = FALSE
	EndGlobalSection
EndGlobal
